
Microsoft Visual Studio Solution File, Format Version 12.00
# Visual Studio 15
Project("{FAE04EC0-301F-11D3-BF4B-00C04F79EFBC}") = "Assembly-CSharp", "Assembly-CSharp.csproj", "{C7DD76D9-45C3-0C2C-B370-FFCB6D7CA1BD}"
EndProject
Project("{FAE04EC0-301F-11D3-BF4B-00C04F79EFBC}") = "Assembly-CSharp-Editor", "Assembly-CSharp-Editor.csproj", "{AEBA4246-F809-5C63-6B35-66E1633A0B72}"
EndProject
Global
	GlobalSection(SolutionConfigurationPlatforms) = preSolution
		Debug|Any CPU = Debug|Any CPU
		Release|Any CPU = Release|Any CPU
	EndGlobalSection
	GlobalSection(ProjectConfigurationPlatforms) = postSolution
		{C7DD76D9-45C3-0C2C-B370-FFCB6D7CA1BD}.Debug|Any CPU.ActiveCfg = Debug|Any CPU
		{C7DD76D9-45C3-0C2C-B370-FFCB6D7CA1BD}.Debug|Any CPU.Build.0 = Debug|Any CPU
		{C7DD76D9-45C3-0C2C-B370-FFCB6D7CA1BD}.Release|Any CPU.ActiveCfg = Release|Any CPU
		{C7DD76D9-45C3-0C2C-B370-FFCB6D7CA1BD}.Release|Any CPU.Build.0 = Release|Any CPU
		{AEBA4246-F809-5C63-6B35-66E1633A0B72}.Debug|Any CPU.ActiveCfg = Debug|Any CPU
		{AEBA4246-F809-5C63-6B35-66E1633A0B72}.Debug|Any CPU.Build.0 = Debug|Any CPU
		{AEBA4246-F809-5C63-6B35-66E1633A0B72}.Release|Any CPU.ActiveCfg = Release|Any CPU
		{AEBA4246-F809-5C63-6B35-66E1633A0B72}.Release|Any CPU.Build.0 = Release|Any CPU
	EndGlobalSection
	GlobalSection(SolutionProperties) = preSolution
		HideSolutionNode = FALSE
	EndGlobalSection
EndGlobal
